
Microsoft Visual Studio Solution File, Format Version 12.00
# Visual Studio Version 16
VisualStudioVersion = 16.0.31624.102
MinimumVisualStudioVersion = 10.0.40219.1
Project("{FAE04EC0-301F-11D3-BF4B-00C04F79EFBC}") = "Vechile Tracking Systems", "Vechile Tracking Systems\Vechile Tracking Systems.csproj", "{28CCBD75-9B4B-42BC-B35C-2546DB8C38A8}"
EndProject
Global
	GlobalSection(SolutionConfigurationPlatforms) = preSolution
		Debug|Any CPU = Debug|Any CPU
		Release|Any CPU = Release|Any CPU
	EndGlobalSection
	GlobalSection(ProjectConfigurationPlatforms) = postSolution
		{28CCBD75-9B4B-42BC-B35C-2546DB8C38A8}.Debug|Any CPU.ActiveCfg = Debug|Any CPU
		{28CCBD75-9B4B-42BC-B35C-2546DB8C38A8}.Debug|Any CPU.Build.0 = Debug|Any CPU
		{28CCBD75-9B4B-42BC-B35C-2546DB8C38A8}.Release|Any CPU.ActiveCfg = Release|Any CPU
		{28CCBD75-9B4B-42BC-B35C-2546DB8C38A8}.Release|Any CPU.Build.0 = Release|Any CPU
	EndGlobalSection
	GlobalSection(SolutionProperties) = preSolution
		HideSolutionNode = FALSE
	EndGlobalSection
	GlobalSection(ExtensibilityGlobals) = postSolution
		SolutionGuid = {33B5F210-E44D-4454-87BD-ABC87A3CC393}
	EndGlobalSection
EndGlobal
